
Microsoft Visual Studio Solution File, Format Version 12.00
# Visual Studio Version 16
VisualStudioVersion = 16.0.34114.132
MinimumVisualStudioVersion = 10.0.40219.1
Project("{2150E333-8FDC-42A3-9474-1A3956D46DE8}") = "Task0", "Task0", "{3575C63B-5836-42C7-A760-94E2431BC11D}"
EndProject
Project("{FAE04EC0-301F-11D3-BF4B-00C04F79EFBC}") = "Tyuiu.KushnerovIA.Sprint6.Task0.V28.Lib", "Tyuiu.KushnerovIA.Sprint6.Task0.V28.Lib\Tyuiu.KushnerovIA.Sprint6.Task0.V28.Lib.csproj", "{5CDF45D8-CCE0-4D6A-868A-0D9EA2B89CB4}"
EndProject
Project("{FAE04EC0-301F-11D3-BF4B-00C04F79EFBC}") = "Tyuiu.KushnerovIA.Sprint6.Task0.V28.Test", "Tyuiu.KushnerovIA.Sprint6.Task0.V28.Test\Tyuiu.KushnerovIA.Sprint6.Task0.V28.Test.csproj", "{CC07613E-E5F8-42DC-8D07-95F8D3B5BCBD}"
EndProject
Project("{FAE04EC0-301F-11D3-BF4B-00C04F79EFBC}") = "Tyuiu.KushnerovIA.Sprint6.Task0.V28", "Tyuiu.KushnerovIA.Sprint6.Task0.V28\Tyuiu.KushnerovIA.Sprint6.Task0.V28.csproj", "{AB738662-61DB-42A0-98E9-068BC2014E1D}"
EndProject
Project("{2150E333-8FDC-42A3-9474-1A3956D46DE8}") = "Task1", "Task1", "{63C9AD2E-0F43-4F80-AF22-8F9F0A6F478B}"
EndProject
Project("{FAE04EC0-301F-11D3-BF4B-00C04F79EFBC}") = "Tyuiu.KushnerovIA.Sprint6.Task1.V21.Test", "Tyuiu.KushnerovIA.Sprint6.Task1.V21.Test\Tyuiu.KushnerovIA.Sprint6.Task1.V21.Test.csproj", "{A18C4EC1-6999-46D1-BBA0-F31CC6880FC7}"
EndProject
Project("{FAE04EC0-301F-11D3-BF4B-00C04F79EFBC}") = "Tyuiu.KushnerovIA.Sprint6.Task1.V21.Lib", "Tyuiu.KushnerovIA.Sprint6.Task1.V21.Lib\Tyuiu.KushnerovIA.Sprint6.Task1.V21.Lib.csproj", "{68E1CA69-077C-4D2A-AA50-D465F4559154}"
EndProject
Project("{FAE04EC0-301F-11D3-BF4B-00C04F79EFBC}") = "Tyuiu.KushnerovIA.Sprint6.Task1.V21", "Tyuiu.KushnerovIA.Sprint6.Task1.V21\Tyuiu.KushnerovIA.Sprint6.Task1.V21.csproj", "{654F2146-2CEE-4E8B-AF10-6CA1E386D8E6}"
EndProject
Project("{2150E333-8FDC-42A3-9474-1A3956D46DE8}") = "Task2", "Task2", "{029387D5-41E4-43F4-9687-E8F9D8BBF0EC}"
EndProject
Project("{FAE04EC0-301F-11D3-BF4B-00C04F79EFBC}") = "Tyuiu.KushnerovIA.Sprint6.Task2.V28.Lib", "Tyuiu.KushnerovIA.Sprint6.Task2.V28.Lib\Tyuiu.KushnerovIA.Sprint6.Task2.V28.Lib.csproj", "{4E7631B0-E079-4184-8160-D1A8DE9BED6B}"
EndProject
Project("{FAE04EC0-301F-11D3-BF4B-00C04F79EFBC}") = "Tyuiu.KushnerovIA.Sprint6.Task2.V28.Test", "Tyuiu.KushnerovIA.Sprint6.Task2.V28.Test\Tyuiu.KushnerovIA.Sprint6.Task2.V28.Test.csproj", "{BFC5873F-E204-48F8-B1D1-960A886D3A2F}"
EndProject
Project("{FAE04EC0-301F-11D3-BF4B-00C04F79EFBC}") = "Tyuiu.KushnerovIA.Sprint6.Task2.V28", "Tyuiu.KushnerovIA.Sprint6.Task2.V28\Tyuiu.KushnerovIA.Sprint6.Task2.V28.csproj", "{300A0AAB-114B-40CD-BB7B-6C7845272B98}"
EndProject
Project("{2150E333-8FDC-42A3-9474-1A3956D46DE8}") = "Task3", "Task3", "{F0430409-61A4-4E07-90FA-573B73AE8B28}"
EndProject
Project("{FAE04EC0-301F-11D3-BF4B-00C04F79EFBC}") = "Tyuiu.KushnerovIA.Sprint6.Task3.V18.Lib", "Tyuiu.KushnerovIA.Sprint6.Task3.V18.Lib\Tyuiu.KushnerovIA.Sprint6.Task3.V18.Lib.csproj", "{F38A5520-7DC6-422D-A173-492E276082C7}"
EndProject
Project("{FAE04EC0-301F-11D3-BF4B-00C04F79EFBC}") = "Tyuiu.KushnerovIA.Sprint6.Task3.V18.Test", "Tyuiu.KushnerovIA.Sprint6.Task3.V18.Test\Tyuiu.KushnerovIA.Sprint6.Task3.V18.Test.csproj", "{E6A87D49-21AB-40A2-BD9D-1D2AA2A8EE76}"
EndProject
Project("{FAE04EC0-301F-11D3-BF4B-00C04F79EFBC}") = "Tyuiu.KushnerovIA.Sprint6.Task3.V18", "Tyuiu.KushnerovIA.Sprint6.Task3.V18\Tyuiu.KushnerovIA.Sprint6.Task3.V18.csproj", "{637BA3BA-9436-4B4D-A271-CB08B1EB2002}"
EndProject
Project("{2150E333-8FDC-42A3-9474-1A3956D46DE8}") = "Task4", "Task4", "{A1D29A4C-5A24-4ADC-8546-BE1436AE40BC}"
EndProject
Project("{FAE04EC0-301F-11D3-BF4B-00C04F79EFBC}") = "Tyuiu.KushnerovIA.Sprint6.Task4.V29.Lib", "Tyuiu.KushnerovIA.Sprint6.Task4.V29.Lib\Tyuiu.KushnerovIA.Sprint6.Task4.V29.Lib.csproj", "{6C7E0421-1375-47C0-A728-E23E8310477F}"
EndProject
Project("{FAE04EC0-301F-11D3-BF4B-00C04F79EFBC}") = "Tyuiu.KushnerovIA.Sprint6.Task4.V29.Test", "Tyuiu.KushnerovIA.Sprint6.Task4.V29.Test\Tyuiu.KushnerovIA.Sprint6.Task4.V29.Test.csproj", "{2B9B6E30-E715-4F30-ADCA-D2847E081BD1}"
EndProject
Project("{FAE04EC0-301F-11D3-BF4B-00C04F79EFBC}") = "Tyuiu.KushnerovIA.Sprint6.Task4.V29", "Tyuiu.KushnerovIA.Sprint6.Task4.V29\Tyuiu.KushnerovIA.Sprint6.Task4.V29.csproj", "{8DF29A99-0F10-4988-B7B7-D112D8F9CDF4}"
EndProject
Project("{2150E333-8FDC-42A3-9474-1A3956D46DE8}") = "Task5", "Task5", "{EF435972-2A94-4A40-B12B-A854E3AFACE3}"
EndProject
Project("{FAE04EC0-301F-11D3-BF4B-00C04F79EFBC}") = "Tyuiu.KushnerovIA.Sprint6.Task5.V9.Lib", "Tyuiu.KushnerovIA.Sprint6.Task5.V9.Lib\Tyuiu.KushnerovIA.Sprint6.Task5.V9.Lib.csproj", "{3A278378-87A8-4C2D-A28F-25F20254AAE8}"
EndProject
Project("{FAE04EC0-301F-11D3-BF4B-00C04F79EFBC}") = "Tyuiu.KushnerovIA.Sprint6.Task5.V9.Test", "Tyuiu.KushnerovIA.Sprint6.Task5.V9.Test\Tyuiu.KushnerovIA.Sprint6.Task5.V9.Test.csproj", "{CDF137AC-FC71-410C-A717-4D2362CB33D4}"
EndProject
Project("{FAE04EC0-301F-11D3-BF4B-00C04F79EFBC}") = "Tyuiu.KushnerovIA.Sprint6.Task5.V9", "Tyuiu.KushnerovIA.Sprint6.Task5.V9\Tyuiu.KushnerovIA.Sprint6.Task5.V9.csproj", "{B04DD272-C8ED-437F-A152-EDF7B43FAC9D}"
EndProject
Project("{2150E333-8FDC-42A3-9474-1A3956D46DE8}") = "Task6", "Task6", "{AA7D7817-9DA4-4B89-85E0-EFDC29A7AB48}"
EndProject
Project("{FAE04EC0-301F-11D3-BF4B-00C04F79EFBC}") = "Tyuiu.KushnerovIA.Sprint6.Task6.V9", "Tyuiu.KushnerovIA.Sprint6.Task6.V9\Tyuiu.KushnerovIA.Sprint6.Task6.V9.csproj", "{5E37084E-5EE3-4558-81F6-FD91F71F6921}"
EndProject
Project("{FAE04EC0-301F-11D3-BF4B-00C04F79EFBC}") = "Tyuiu.KushnerovIA.Sprint6.Task6.V9.Lib", "Tyuiu.KushnerovIA.Sprint6.Task6.V9.Lib\Tyuiu.KushnerovIA.Sprint6.Task6.V9.Lib.csproj", "{DD1EEF25-6928-4106-906E-FC8FE21721BA}"
EndProject
Project("{FAE04EC0-301F-11D3-BF4B-00C04F79EFBC}") = "Tyuiu.KushnerovIA.Sprint6.Task6.V9.Test", "Tyuiu.KushnerovIA.Sprint6.Task6.V9.Test\Tyuiu.KushnerovIA.Sprint6.Task6.V9.Test.csproj", "{9676CEAA-FCA6-439B-BA81-F6B575B6B98A}"
EndProject
Project("{2150E333-8FDC-42A3-9474-1A3956D46DE8}") = "Task7", "Task7", "{335E8818-D674-4C92-9EAD-8538356387F7}"
EndProject
Project("{FAE04EC0-301F-11D3-BF4B-00C04F79EFBC}") = "Tyuiu.KushnerovIA.Sprint6.Task7.V25", "Tyuiu.KushnerovIA.Sprint6.Task7.V25\Tyuiu.KushnerovIA.Sprint6.Task7.V25.csproj", "{7AC199E8-35D4-45B0-9C71-15B9A728F058}"
EndProject
Project("{FAE04EC0-301F-11D3-BF4B-00C04F79EFBC}") = "Tyuiu.KushnerovIA.Sprint6.Task7.V25.Lib", "Tyuiu.KushnerovIA.Sprint6.Task7.V25.Lib\Tyuiu.KushnerovIA.Sprint6.Task7.V25.Lib.csproj", "{73EA922F-C766-4755-9736-2BE72784A9E3}"
EndProject
Project("{FAE04EC0-301F-11D3-BF4B-00C04F79EFBC}") = "Tyuiu.KushnerovIA.Sprint6.Task7.V25.Test", "Tyuiu.KushnerovIA.Sprint6.Task7.V25.Test\Tyuiu.KushnerovIA.Sprint6.Task7.V25.Test.csproj", "{6A9100FF-B682-49EF-BC37-FFFB75D68514}"
EndProject
Global
	GlobalSection(SolutionConfigurationPlatforms) = preSolution
		Debug|Any CPU = Debug|Any CPU
		Release|Any CPU = Release|Any CPU
	EndGlobalSection
	GlobalSection(ProjectConfigurationPlatforms) = postSolution
		{5CDF45D8-CCE0-4D6A-868A-0D9EA2B89CB4}.Debug|Any CPU.ActiveCfg = Debug|Any CPU
		{5CDF45D8-CCE0-4D6A-868A-0D9EA2B89CB4}.Debug|Any CPU.Build.0 = Debug|Any CPU
		{5CDF45D8-CCE0-4D6A-868A-0D9EA2B89CB4}.Release|Any CPU.ActiveCfg = Release|Any CPU
		{5CDF45D8-CCE0-4D6A-868A-0D9EA2B89CB4}.Release|Any CPU.Build.0 = Release|Any CPU
		{CC07613E-E5F8-42DC-8D07-95F8D3B5BCBD}.Debug|Any CPU.ActiveCfg = Debug|Any CPU
		{CC07613E-E5F8-42DC-8D07-95F8D3B5BCBD}.Debug|Any CPU.Build.0 = Debug|Any CPU
		{CC07613E-E5F8-42DC-8D07-95F8D3B5BCBD}.Release|Any CPU.ActiveCfg = Release|Any CPU
		{CC07613E-E5F8-42DC-8D07-95F8D3B5BCBD}.Release|Any CPU.Build.0 = Release|Any CPU
		{AB738662-61DB-42A0-98E9-068BC2014E1D}.Debug|Any CPU.ActiveCfg = Debug|Any CPU
		{AB738662-61DB-42A0-98E9-068BC2014E1D}.Debug|Any CPU.Build.0 = Debug|Any CPU
		{AB738662-61DB-42A0-98E9-068BC2014E1D}.Release|Any CPU.ActiveCfg = Release|Any CPU
		{AB738662-61DB-42A0-98E9-068BC2014E1D}.Release|Any CPU.Build.0 = Release|Any CPU
		{A18C4EC1-6999-46D1-BBA0-F31CC6880FC7}.Debug|Any CPU.ActiveCfg = Debug|Any CPU
		{A18C4EC1-6999-46D1-BBA0-F31CC6880FC7}.Debug|Any CPU.Build.0 = Debug|Any CPU
		{A18C4EC1-6999-46D1-BBA0-F31CC6880FC7}.Release|Any CPU.ActiveCfg = Release|Any CPU
		{A18C4EC1-6999-46D1-BBA0-F31CC6880FC7}.Release|Any CPU.Build.0 = Release|Any CPU
		{68E1CA69-077C-4D2A-AA50-D465F4559154}.Debug|Any CPU.ActiveCfg = Debug|Any CPU
		{68E1CA69-077C-4D2A-AA50-D465F4559154}.Debug|Any CPU.Build.0 = Debug|Any CPU
		{68E1CA69-077C-4D2A-AA50-D465F4559154}.Release|Any CPU.ActiveCfg = Release|Any CPU
		{68E1CA69-077C-4D2A-AA50-D465F4559154}.Release|Any CPU.Build.0 = Release|Any CPU
		{654F2146-2CEE-4E8B-AF10-6CA1E386D8E6}.Debug|Any CPU.ActiveCfg = Debug|Any CPU
		{654F2146-2CEE-4E8B-AF10-6CA1E386D8E6}.Debug|Any CPU.Build.0 = Debug|Any CPU
		{654F2146-2CEE-4E8B-AF10-6CA1E386D8E6}.Release|Any CPU.ActiveCfg = Release|Any CPU
		{654F2146-2CEE-4E8B-AF10-6CA1E386D8E6}.Release|Any CPU.Build.0 = Release|Any CPU
		{4E7631B0-E079-4184-8160-D1A8DE9BED6B}.Debug|Any CPU.ActiveCfg = Debug|Any CPU
		{4E7631B0-E079-4184-8160-D1A8DE9BED6B}.Debug|Any CPU.Build.0 = Debug|Any CPU
		{4E7631B0-E079-4184-8160-D1A8DE9BED6B}.Release|Any CPU.ActiveCfg = Release|Any CPU
		{4E7631B0-E079-4184-8160-D1A8DE9BED6B}.Release|Any CPU.Build.0 = Release|Any CPU
		{BFC5873F-E204-48F8-B1D1-960A886D3A2F}.Debug|Any CPU.ActiveCfg = Debug|Any CPU
		{BFC5873F-E204-48F8-B1D1-960A886D3A2F}.Debug|Any CPU.Build.0 = Debug|Any CPU
		{BFC5873F-E204-48F8-B1D1-960A886D3A2F}.Release|Any CPU.ActiveCfg = Release|Any CPU
		{BFC5873F-E204-48F8-B1D1-960A886D3A2F}.Release|Any CPU.Build.0 = Release|Any CPU
		{300A0AAB-114B-40CD-BB7B-6C7845272B98}.Debug|Any CPU.ActiveCfg = Debug|Any CPU
		{300A0AAB-114B-40CD-BB7B-6C7845272B98}.Debug|Any CPU.Build.0 = Debug|Any CPU
		{300A0AAB-114B-40CD-BB7B-6C7845272B98}.Release|Any CPU.ActiveCfg = Release|Any CPU
		{300A0AAB-114B-40CD-BB7B-6C7845272B98}.Release|Any CPU.Build.0 = Release|Any CPU
		{F38A5520-7DC6-422D-A173-492E276082C7}.Debug|Any CPU.ActiveCfg = Debug|Any CPU
		{F38A5520-7DC6-422D-A173-492E276082C7}.Debug|Any CPU.Build.0 = Debug|Any CPU
		{F38A5520-7DC6-422D-A173-492E276082C7}.Release|Any CPU.ActiveCfg = Release|Any CPU
		{F38A5520-7DC6-422D-A173-492E276082C7}.Release|Any CPU.Build.0 = Release|Any CPU
		{E6A87D49-21AB-40A2-BD9D-1D2AA2A8EE76}.Debug|Any CPU.ActiveCfg = Debug|Any CPU
		{E6A87D49-21AB-40A2-BD9D-1D2AA2A8EE76}.Debug|Any CPU.Build.0 = Debug|Any CPU
		{E6A87D49-21AB-40A2-BD9D-1D2AA2A8EE76}.Release|Any CPU.ActiveCfg = Release|Any CPU
		{E6A87D49-21AB-40A2-BD9D-1D2AA2A8EE76}.Release|Any CPU.Build.0 = Release|Any CPU
		{637BA3BA-9436-4B4D-A271-CB08B1EB2002}.Debug|Any CPU.ActiveCfg = Debug|Any CPU
		{637BA3BA-9436-4B4D-A271-CB08B1EB2002}.Debug|Any CPU.Build.0 = Debug|Any CPU
		{637BA3BA-9436-4B4D-A271-CB08B1EB2002}.Release|Any CPU.ActiveCfg = Release|Any CPU
		{637BA3BA-9436-4B4D-A271-CB08B1EB2002}.Release|Any CPU.Build.0 = Release|Any CPU
		{6C7E0421-1375-47C0-A728-E23E8310477F}.Debug|Any CPU.ActiveCfg = Debug|Any CPU
		{6C7E0421-1375-47C0-A728-E23E8310477F}.Debug|Any CPU.Build.0 = Debug|Any CPU
		{6C7E0421-1375-47C0-A728-E23E8310477F}.Release|Any CPU.ActiveCfg = Release|Any CPU
		{6C7E0421-1375-47C0-A728-E23E8310477F}.Release|Any CPU.Build.0 = Release|Any CPU
		{2B9B6E30-E715-4F30-ADCA-D2847E081BD1}.Debug|Any CPU.ActiveCfg = Debug|Any CPU
		{2B9B6E30-E715-4F30-ADCA-D2847E081BD1}.Debug|Any CPU.Build.0 = Debug|Any CPU
		{2B9B6E30-E715-4F30-ADCA-D2847E081BD1}.Release|Any CPU.ActiveCfg = Release|Any CPU
		{2B9B6E30-E715-4F30-ADCA-D2847E081BD1}.Release|Any CPU.Build.0 = Release|Any CPU
		{8DF29A99-0F10-4988-B7B7-D112D8F9CDF4}.Debug|Any CPU.ActiveCfg = Debug|Any CPU
		{8DF29A99-0F10-4988-B7B7-D112D8F9CDF4}.Debug|Any CPU.Build.0 = Debug|Any CPU
		{8DF29A99-0F10-4988-B7B7-D112D8F9CDF4}.Release|Any CPU.ActiveCfg = Release|Any CPU
		{8DF29A99-0F10-4988-B7B7-D112D8F9CDF4}.Release|Any CPU.Build.0 = Release|Any CPU
		{3A278378-87A8-4C2D-A28F-25F20254AAE8}.Debug|Any CPU.ActiveCfg = Debug|Any CPU
		{3A278378-87A8-4C2D-A28F-25F20254AAE8}.Debug|Any CPU.Build.0 = Debug|Any CPU
		{3A278378-87A8-4C2D-A28F-25F20254AAE8}.Release|Any CPU.ActiveCfg = Release|Any CPU
		{3A278378-87A8-4C2D-A28F-25F20254AAE8}.Release|Any CPU.Build.0 = Release|Any CPU
		{CDF137AC-FC71-410C-A717-4D2362CB33D4}.Debug|Any CPU.ActiveCfg = Debug|Any CPU
		{CDF137AC-FC71-410C-A717-4D2362CB33D4}.Debug|Any CPU.Build.0 = Debug|Any CPU
		{CDF137AC-FC71-410C-A717-4D2362CB33D4}.Release|Any CPU.ActiveCfg = Release|Any CPU
		{CDF137AC-FC71-410C-A717-4D2362CB33D4}.Release|Any CPU.Build.0 = Release|Any CPU
		{B04DD272-C8ED-437F-A152-EDF7B43FAC9D}.Debug|Any CPU.ActiveCfg = Debug|Any CPU
		{B04DD272-C8ED-437F-A152-EDF7B43FAC9D}.Debug|Any CPU.Build.0 = Debug|Any CPU
		{B04DD272-C8ED-437F-A152-EDF7B43FAC9D}.Release|Any CPU.ActiveCfg = Release|Any CPU
		{B04DD272-C8ED-437F-A152-EDF7B43FAC9D}.Release|Any CPU.Build.0 = Release|Any CPU
		{5E37084E-5EE3-4558-81F6-FD91F71F6921}.Debug|Any CPU.ActiveCfg = Debug|Any CPU
		{5E37084E-5EE3-4558-81F6-FD91F71F6921}.Debug|Any CPU.Build.0 = Debug|Any CPU
		{5E37084E-5EE3-4558-81F6-FD91F71F6921}.Release|Any CPU.ActiveCfg = Release|Any CPU
		{5E37084E-5EE3-4558-81F6-FD91F71F6921}.Release|Any CPU.Build.0 = Release|Any CPU
		{DD1EEF25-6928-4106-906E-FC8FE21721BA}.Debug|Any CPU.ActiveCfg = Debug|Any CPU
		{DD1EEF25-6928-4106-906E-FC8FE21721BA}.Debug|Any CPU.Build.0 = Debug|Any CPU
		{DD1EEF25-6928-4106-906E-FC8FE21721BA}.Release|Any CPU.ActiveCfg = Release|Any CPU
		{DD1EEF25-6928-4106-906E-FC8FE21721BA}.Release|Any CPU.Build.0 = Release|Any CPU
		{9676CEAA-FCA6-439B-BA81-F6B575B6B98A}.Debug|Any CPU.ActiveCfg = Debug|Any CPU
		{9676CEAA-FCA6-439B-BA81-F6B575B6B98A}.Debug|Any CPU.Build.0 = Debug|Any CPU
		{9676CEAA-FCA6-439B-BA81-F6B575B6B98A}.Release|Any CPU.ActiveCfg = Release|Any CPU
		{9676CEAA-FCA6-439B-BA81-F6B575B6B98A}.Release|Any CPU.Build.0 = Release|Any CPU
		{7AC199E8-35D4-45B0-9C71-15B9A728F058}.Debug|Any CPU.ActiveCfg = Debug|Any CPU
		{7AC199E8-35D4-45B0-9C71-15B9A728F058}.Debug|Any CPU.Build.0 = Debug|Any CPU
		{7AC199E8-35D4-45B0-9C71-15B9A728F058}.Release|Any CPU.ActiveCfg = Release|Any CPU
		{7AC199E8-35D4-45B0-9C71-15B9A728F058}.Release|Any CPU.Build.0 = Release|Any CPU
		{73EA922F-C766-4755-9736-2BE72784A9E3}.Debug|Any CPU.ActiveCfg = Debug|Any CPU
		{73EA922F-C766-4755-9736-2BE72784A9E3}.Debug|Any CPU.Build.0 = Debug|Any CPU
		{73EA922F-C766-4755-9736-2BE72784A9E3}.Release|Any CPU.ActiveCfg = Release|Any CPU
		{73EA922F-C766-4755-9736-2BE72784A9E3}.Release|Any CPU.Build.0 = Release|Any CPU
		{6A9100FF-B682-49EF-BC37-FFFB75D68514}.Debug|Any CPU.ActiveCfg = Debug|Any CPU
		{6A9100FF-B682-49EF-BC37-FFFB75D68514}.Debug|Any CPU.Build.0 = Debug|Any CPU
		{6A9100FF-B682-49EF-BC37-FFFB75D68514}.Release|Any CPU.ActiveCfg = Release|Any CPU
		{6A9100FF-B682-49EF-BC37-FFFB75D68514}.Release|Any CPU.Build.0 = Release|Any CPU
	EndGlobalSection
	GlobalSection(SolutionProperties) = preSolution
		HideSolutionNode = FALSE
	EndGlobalSection
	GlobalSection(NestedProjects) = preSolution
		{5CDF45D8-CCE0-4D6A-868A-0D9EA2B89CB4} = {3575C63B-5836-42C7-A760-94E2431BC11D}
		{CC07613E-E5F8-42DC-8D07-95F8D3B5BCBD} = {3575C63B-5836-42C7-A760-94E2431BC11D}
		{AB738662-61DB-42A0-98E9-068BC2014E1D} = {3575C63B-5836-42C7-A760-94E2431BC11D}
		{A18C4EC1-6999-46D1-BBA0-F31CC6880FC7} = {63C9AD2E-0F43-4F80-AF22-8F9F0A6F478B}
		{68E1CA69-077C-4D2A-AA50-D465F4559154} = {63C9AD2E-0F43-4F80-AF22-8F9F0A6F478B}
		{654F2146-2CEE-4E8B-AF10-6CA1E386D8E6} = {63C9AD2E-0F43-4F80-AF22-8F9F0A6F478B}
		{4E7631B0-E079-4184-8160-D1A8DE9BED6B} = {029387D5-41E4-43F4-9687-E8F9D8BBF0EC}
		{BFC5873F-E204-48F8-B1D1-960A886D3A2F} = {029387D5-41E4-43F4-9687-E8F9D8BBF0EC}
		{300A0AAB-114B-40CD-BB7B-6C7845272B98} = {029387D5-41E4-43F4-9687-E8F9D8BBF0EC}
		{F38A5520-7DC6-422D-A173-492E276082C7} = {F0430409-61A4-4E07-90FA-573B73AE8B28}
		{E6A87D49-21AB-40A2-BD9D-1D2AA2A8EE76} = {F0430409-61A4-4E07-90FA-573B73AE8B28}
		{637BA3BA-9436-4B4D-A271-CB08B1EB2002} = {F0430409-61A4-4E07-90FA-573B73AE8B28}
		{6C7E0421-1375-47C0-A728-E23E8310477F} = {A1D29A4C-5A24-4ADC-8546-BE1436AE40BC}
		{2B9B6E30-E715-4F30-ADCA-D2847E081BD1} = {A1D29A4C-5A24-4ADC-8546-BE1436AE40BC}
		{8DF29A99-0F10-4988-B7B7-D112D8F9CDF4} = {A1D29A4C-5A24-4ADC-8546-BE1436AE40BC}
		{3A278378-87A8-4C2D-A28F-25F20254AAE8} = {EF435972-2A94-4A40-B12B-A854E3AFACE3}
		{CDF137AC-FC71-410C-A717-4D2362CB33D4} = {EF435972-2A94-4A40-B12B-A854E3AFACE3}
		{B04DD272-C8ED-437F-A152-EDF7B43FAC9D} = {EF435972-2A94-4A40-B12B-A854E3AFACE3}
		{5E37084E-5EE3-4558-81F6-FD91F71F6921} = {AA7D7817-9DA4-4B89-85E0-EFDC29A7AB48}
		{DD1EEF25-6928-4106-906E-FC8FE21721BA} = {AA7D7817-9DA4-4B89-85E0-EFDC29A7AB48}
		{9676CEAA-FCA6-439B-BA81-F6B575B6B98A} = {AA7D7817-9DA4-4B89-85E0-EFDC29A7AB48}
		{7AC199E8-35D4-45B0-9C71-15B9A728F058} = {335E8818-D674-4C92-9EAD-8538356387F7}
		{73EA922F-C766-4755-9736-2BE72784A9E3} = {335E8818-D674-4C92-9EAD-8538356387F7}
		{6A9100FF-B682-49EF-BC37-FFFB75D68514} = {335E8818-D674-4C92-9EAD-8538356387F7}
	EndGlobalSection
	GlobalSection(ExtensibilityGlobals) = postSolution
		SolutionGuid = {3CCBA356-0BA5-4893-AE25-064AF7DAF523}
	EndGlobalSection
EndGlobal
