
Microsoft Visual Studio Solution File, Format Version 12.00
# Visual Studio Version 16
VisualStudioVersion = 16.0.34114.132
MinimumVisualStudioVersion = 10.0.40219.1
Project("{2150E333-8FDC-42A3-9474-1A3956D46DE8}") = "Task0", "Task0", "{3575C63B-5836-42C7-A760-94E2431BC11D}"
EndProject
Project("{FAE04EC0-301F-11D3-BF4B-00C04F79EFBC}") = "Tyuiu.KushnerovIA.Sprint6.Task0.V28.Lib", "Tyuiu.KushnerovIA.Sprint6.Task0.V28.Lib\Tyuiu.KushnerovIA.Sprint6.Task0.V28.Lib.csproj", "{5CDF45D8-CCE0-4D6A-868A-0D9EA2B89CB4}"
EndProject
Project("{FAE04EC0-301F-11D3-BF4B-00C04F79EFBC}") = "Tyuiu.KushnerovIA.Sprint6.Task0.V28.Test", "Tyuiu.KushnerovIA.Sprint6.Task0.V28.Test\Tyuiu.KushnerovIA.Sprint6.Task0.V28.Test.csproj", "{CC07613E-E5F8-42DC-8D07-95F8D3B5BCBD}"
EndProject
Project("{FAE04EC0-301F-11D3-BF4B-00C04F79EFBC}") = "Tyuiu.KushnerovIA.Sprint6.Task0.V28", "Tyuiu.KushnerovIA.Sprint6.Task0.V28\Tyuiu.KushnerovIA.Sprint6.Task0.V28.csproj", "{AB738662-61DB-42A0-98E9-068BC2014E1D}"
EndProject
Project("{2150E333-8FDC-42A3-9474-1A3956D46DE8}") = "Task1", "Task1", "{63C9AD2E-0F43-4F80-AF22-8F9F0A6F478B}"
EndProject
Project("{FAE04EC0-301F-11D3-BF4B-00C04F79EFBC}") = "Tyuiu.KushnerovIA.Sprint6.Task1.V21.Test", "Tyuiu.KushnerovIA.Sprint6.Task1.V21.Test\Tyuiu.KushnerovIA.Sprint6.Task1.V21.Test.csproj", "{A18C4EC1-6999-46D1-BBA0-F31CC6880FC7}"
EndProject
Project("{FAE04EC0-301F-11D3-BF4B-00C04F79EFBC}") = "Tyuiu.KushnerovIA.Sprint6.Task1.V21.Lib", "Tyuiu.KushnerovIA.Sprint6.Task1.V21.Lib\Tyuiu.KushnerovIA.Sprint6.Task1.V21.Lib.csproj", "{68E1CA69-077C-4D2A-AA50-D465F4559154}"
EndProject
Project("{FAE04EC0-301F-11D3-BF4B-00C04F79EFBC}") = "Tyuiu.KushnerovIA.Sprint6.Task1.V21", "Tyuiu.KushnerovIA.Sprint6.Task1.V21\Tyuiu.KushnerovIA.Sprint6.Task1.V21.csproj", "{654F2146-2CEE-4E8B-AF10-6CA1E386D8E6}"
EndProject
Project("{2150E333-8FDC-42A3-9474-1A3956D46DE8}") = "Task2", "Task2", "{029387D5-41E4-43F4-9687-E8F9D8BBF0EC}"
EndProject
Project("{FAE04EC0-301F-11D3-BF4B-00C04F79EFBC}") = "Tyuiu.KushnerovIA.Sprint6.Task2.V28.Lib", "Tyuiu.KushnerovIA.Sprint6.Task2.V28.Lib\Tyuiu.KushnerovIA.Sprint6.Task2.V28.Lib.csproj", "{4E7631B0-E079-4184-8160-D1A8DE9BED6B}"
EndProject
Project("{FAE04EC0-301F-11D3-BF4B-00C04F79EFBC}") = "Tyuiu.KushnerovIA.Sprint6.Task2.V28.Test", "Tyuiu.KushnerovIA.Sprint6.Task2.V28.Test\Tyuiu.KushnerovIA.Sprint6.Task2.V28.Test.csproj", "{BFC5873F-E204-48F8-B1D1-960A886D3A2F}"
EndProject
Project("{FAE04EC0-301F-11D3-BF4B-00C04F79EFBC}") = "Tyuiu.KushnerovIA.Sprint6.Task2.V28", "Tyuiu.KushnerovIA.Sprint6.Task2.V28\Tyuiu.KushnerovIA.Sprint6.Task2.V28.csproj", "{300A0AAB-114B-40CD-BB7B-6C7845272B98}"
EndProject
Global
	GlobalSection(SolutionConfigurationPlatforms) = preSolution
		Debug|Any CPU = Debug|Any CPU
		Release|Any CPU = Release|Any CPU
	EndGlobalSection
	GlobalSection(ProjectConfigurationPlatforms) = postSolution
		{5CDF45D8-CCE0-4D6A-868A-0D9EA2B89CB4}.Debug|Any CPU.ActiveCfg = Debug|Any CPU
		{5CDF45D8-CCE0-4D6A-868A-0D9EA2B89CB4}.Debug|Any CPU.Build.0 = Debug|Any CPU
		{5CDF45D8-CCE0-4D6A-868A-0D9EA2B89CB4}.Release|Any CPU.ActiveCfg = Release|Any CPU
		{5CDF45D8-CCE0-4D6A-868A-0D9EA2B89CB4}.Release|Any CPU.Build.0 = Release|Any CPU
		{CC07613E-E5F8-42DC-8D07-95F8D3B5BCBD}.Debug|Any CPU.ActiveCfg = Debug|Any CPU
		{CC07613E-E5F8-42DC-8D07-95F8D3B5BCBD}.Debug|Any CPU.Build.0 = Debug|Any CPU
		{CC07613E-E5F8-42DC-8D07-95F8D3B5BCBD}.Release|Any CPU.ActiveCfg = Release|Any CPU
		{CC07613E-E5F8-42DC-8D07-95F8D3B5BCBD}.Release|Any CPU.Build.0 = Release|Any CPU
		{AB738662-61DB-42A0-98E9-068BC2014E1D}.Debug|Any CPU.ActiveCfg = Debug|Any CPU
		{AB738662-61DB-42A0-98E9-068BC2014E1D}.Debug|Any CPU.Build.0 = Debug|Any CPU
		{AB738662-61DB-42A0-98E9-068BC2014E1D}.Release|Any CPU.ActiveCfg = Release|Any CPU
		{AB738662-61DB-42A0-98E9-068BC2014E1D}.Release|Any CPU.Build.0 = Release|Any CPU
		{A18C4EC1-6999-46D1-BBA0-F31CC6880FC7}.Debug|Any CPU.ActiveCfg = Debug|Any CPU
		{A18C4EC1-6999-46D1-BBA0-F31CC6880FC7}.Debug|Any CPU.Build.0 = Debug|Any CPU
		{A18C4EC1-6999-46D1-BBA0-F31CC6880FC7}.Release|Any CPU.ActiveCfg = Release|Any CPU
		{A18C4EC1-6999-46D1-BBA0-F31CC6880FC7}.Release|Any CPU.Build.0 = Release|Any CPU
		{68E1CA69-077C-4D2A-AA50-D465F4559154}.Debug|Any CPU.ActiveCfg = Debug|Any CPU
		{68E1CA69-077C-4D2A-AA50-D465F4559154}.Debug|Any CPU.Build.0 = Debug|Any CPU
		{68E1CA69-077C-4D2A-AA50-D465F4559154}.Release|Any CPU.ActiveCfg = Release|Any CPU
		{68E1CA69-077C-4D2A-AA50-D465F4559154}.Release|Any CPU.Build.0 = Release|Any CPU
		{654F2146-2CEE-4E8B-AF10-6CA1E386D8E6}.Debug|Any CPU.ActiveCfg = Debug|Any CPU
		{654F2146-2CEE-4E8B-AF10-6CA1E386D8E6}.Debug|Any CPU.Build.0 = Debug|Any CPU
		{654F2146-2CEE-4E8B-AF10-6CA1E386D8E6}.Release|Any CPU.ActiveCfg = Release|Any CPU
		{654F2146-2CEE-4E8B-AF10-6CA1E386D8E6}.Release|Any CPU.Build.0 = Release|Any CPU
		{4E7631B0-E079-4184-8160-D1A8DE9BED6B}.Debug|Any CPU.ActiveCfg = Debug|Any CPU
		{4E7631B0-E079-4184-8160-D1A8DE9BED6B}.Debug|Any CPU.Build.0 = Debug|Any CPU
		{4E7631B0-E079-4184-8160-D1A8DE9BED6B}.Release|Any CPU.ActiveCfg = Release|Any CPU
		{4E7631B0-E079-4184-8160-D1A8DE9BED6B}.Release|Any CPU.Build.0 = Release|Any CPU
		{BFC5873F-E204-48F8-B1D1-960A886D3A2F}.Debug|Any CPU.ActiveCfg = Debug|Any CPU
		{BFC5873F-E204-48F8-B1D1-960A886D3A2F}.Debug|Any CPU.Build.0 = Debug|Any CPU
		{BFC5873F-E204-48F8-B1D1-960A886D3A2F}.Release|Any CPU.ActiveCfg = Release|Any CPU
		{BFC5873F-E204-48F8-B1D1-960A886D3A2F}.Release|Any CPU.Build.0 = Release|Any CPU
		{300A0AAB-114B-40CD-BB7B-6C7845272B98}.Debug|Any CPU.ActiveCfg = Debug|Any CPU
		{300A0AAB-114B-40CD-BB7B-6C7845272B98}.Debug|Any CPU.Build.0 = Debug|Any CPU
		{300A0AAB-114B-40CD-BB7B-6C7845272B98}.Release|Any CPU.ActiveCfg = Release|Any CPU
		{300A0AAB-114B-40CD-BB7B-6C7845272B98}.Release|Any CPU.Build.0 = Release|Any CPU
	EndGlobalSection
	GlobalSection(SolutionProperties) = preSolution
		HideSolutionNode = FALSE
	EndGlobalSection
	GlobalSection(NestedProjects) = preSolution
		{5CDF45D8-CCE0-4D6A-868A-0D9EA2B89CB4} = {3575C63B-5836-42C7-A760-94E2431BC11D}
		{CC07613E-E5F8-42DC-8D07-95F8D3B5BCBD} = {3575C63B-5836-42C7-A760-94E2431BC11D}
		{AB738662-61DB-42A0-98E9-068BC2014E1D} = {3575C63B-5836-42C7-A760-94E2431BC11D}
		{A18C4EC1-6999-46D1-BBA0-F31CC6880FC7} = {63C9AD2E-0F43-4F80-AF22-8F9F0A6F478B}
		{68E1CA69-077C-4D2A-AA50-D465F4559154} = {63C9AD2E-0F43-4F80-AF22-8F9F0A6F478B}
		{654F2146-2CEE-4E8B-AF10-6CA1E386D8E6} = {63C9AD2E-0F43-4F80-AF22-8F9F0A6F478B}
		{4E7631B0-E079-4184-8160-D1A8DE9BED6B} = {029387D5-41E4-43F4-9687-E8F9D8BBF0EC}
		{BFC5873F-E204-48F8-B1D1-960A886D3A2F} = {029387D5-41E4-43F4-9687-E8F9D8BBF0EC}
		{300A0AAB-114B-40CD-BB7B-6C7845272B98} = {029387D5-41E4-43F4-9687-E8F9D8BBF0EC}
	EndGlobalSection
	GlobalSection(ExtensibilityGlobals) = postSolution
		SolutionGuid = {3CCBA356-0BA5-4893-AE25-064AF7DAF523}
	EndGlobalSection
EndGlobal
